
Microsoft Visual Studio Solution File, Format Version 12.00
# Visual Studio Version 16
VisualStudioVersion = 16.0.29503.13
MinimumVisualStudioVersion = 10.0.40219.1
Project("{FAE04EC0-301F-11D3-BF4B-00C04F79EFBC}") = "ComObject", "ComObject\ComObject.csproj", "{9BD73422-F3EC-4AFF-9A8B-29F4E53EED43}"
EndProject
Project("{FAE04EC0-301F-11D3-BF4B-00C04F79EFBC}") = "ComObject.Test", "ComObject.Test\ComObject.Test.csproj", "{034A8DCE-295B-4B8F-8F21-B2AAD7A4DB25}"
EndProject
Global
	GlobalSection(SolutionConfigurationPlatforms) = preSolution
		Debug|Any CPU = Debug|Any CPU
		Release|Any CPU = Release|Any CPU
	EndGlobalSection
	GlobalSection(ProjectConfigurationPlatforms) = postSolution
		{9BD73422-F3EC-4AFF-9A8B-29F4E53EED43}.Debug|Any CPU.ActiveCfg = Debug|Any CPU
		{9BD73422-F3EC-4AFF-9A8B-29F4E53EED43}.Debug|Any CPU.Build.0 = Debug|Any CPU
		{9BD73422-F3EC-4AFF-9A8B-29F4E53EED43}.Release|Any CPU.ActiveCfg = Release|Any CPU
		{9BD73422-F3EC-4AFF-9A8B-29F4E53EED43}.Release|Any CPU.Build.0 = Release|Any CPU
		{034A8DCE-295B-4B8F-8F21-B2AAD7A4DB25}.Debug|Any CPU.ActiveCfg = Debug|Any CPU
		{034A8DCE-295B-4B8F-8F21-B2AAD7A4DB25}.Debug|Any CPU.Build.0 = Debug|Any CPU
		{034A8DCE-295B-4B8F-8F21-B2AAD7A4DB25}.Release|Any CPU.ActiveCfg = Release|Any CPU
		{034A8DCE-295B-4B8F-8F21-B2AAD7A4DB25}.Release|Any CPU.Build.0 = Release|Any CPU
	EndGlobalSection
	GlobalSection(SolutionProperties) = preSolution
		HideSolutionNode = FALSE
	EndGlobalSection
	GlobalSection(ExtensibilityGlobals) = postSolution
		SolutionGuid = {8652A683-2607-431B-99EB-9C3AFC2DBA83}
	EndGlobalSection
EndGlobal
